
Microsoft Visual Studio Solution File, Format Version 12.00
# Visual Studio Version 17
VisualStudioVersion = 17.0.32112.339
MinimumVisualStudioVersion = 10.0.40219.1
Project("{9A19103F-16F7-4668-BE54-9A1E7A4F7556}") = "lab", "lab\lab.csproj", "{8B19A64D-6453-4846-8D68-F8CA0460604E}"
EndProject
Project("{9A19103F-16F7-4668-BE54-9A1E7A4F7556}") = "mickymouse", "mickymouse\mickymouse.csproj", "{B2D97586-AAF4-409C-9D32-73161908DD83}"
EndProject
Project("{9A19103F-16F7-4668-BE54-9A1E7A4F7556}") = "paint", "paint\paint.csproj", "{160A9C09-0289-4DDB-A831-E01E455EBCF9}"
EndProject
Project("{9A19103F-16F7-4668-BE54-9A1E7A4F7556}") = "DragDrop", "DragDrop\DragDrop.csproj", "{DC94A6BB-AFC3-427A-BE02-BB7128EA3E40}"
EndProject
Project("{FAE04EC0-301F-11D3-BF4B-00C04F79EFBC}") = "playingBall", "playingBall\playingBall.csproj", "{41B2BA64-4231-4FD0-AAAD-9911494FCDD8}"
EndProject
Global
	GlobalSection(SolutionConfigurationPlatforms) = preSolution
		Debug|Any CPU = Debug|Any CPU
		Release|Any CPU = Release|Any CPU
	EndGlobalSection
	GlobalSection(ProjectConfigurationPlatforms) = postSolution
		{8B19A64D-6453-4846-8D68-F8CA0460604E}.Debug|Any CPU.ActiveCfg = Debug|Any CPU
		{8B19A64D-6453-4846-8D68-F8CA0460604E}.Debug|Any CPU.Build.0 = Debug|Any CPU
		{8B19A64D-6453-4846-8D68-F8CA0460604E}.Release|Any CPU.ActiveCfg = Release|Any CPU
		{8B19A64D-6453-4846-8D68-F8CA0460604E}.Release|Any CPU.Build.0 = Release|Any CPU
		{B2D97586-AAF4-409C-9D32-73161908DD83}.Debug|Any CPU.ActiveCfg = Debug|Any CPU
		{B2D97586-AAF4-409C-9D32-73161908DD83}.Debug|Any CPU.Build.0 = Debug|Any CPU
		{B2D97586-AAF4-409C-9D32-73161908DD83}.Release|Any CPU.ActiveCfg = Release|Any CPU
		{B2D97586-AAF4-409C-9D32-73161908DD83}.Release|Any CPU.Build.0 = Release|Any CPU
		{160A9C09-0289-4DDB-A831-E01E455EBCF9}.Debug|Any CPU.ActiveCfg = Debug|Any CPU
		{160A9C09-0289-4DDB-A831-E01E455EBCF9}.Debug|Any CPU.Build.0 = Debug|Any CPU
		{160A9C09-0289-4DDB-A831-E01E455EBCF9}.Release|Any CPU.ActiveCfg = Release|Any CPU
		{160A9C09-0289-4DDB-A831-E01E455EBCF9}.Release|Any CPU.Build.0 = Release|Any CPU
		{DC94A6BB-AFC3-427A-BE02-BB7128EA3E40}.Debug|Any CPU.ActiveCfg = Debug|Any CPU
		{DC94A6BB-AFC3-427A-BE02-BB7128EA3E40}.Debug|Any CPU.Build.0 = Debug|Any CPU
		{DC94A6BB-AFC3-427A-BE02-BB7128EA3E40}.Release|Any CPU.ActiveCfg = Release|Any CPU
		{DC94A6BB-AFC3-427A-BE02-BB7128EA3E40}.Release|Any CPU.Build.0 = Release|Any CPU
		{41B2BA64-4231-4FD0-AAAD-9911494FCDD8}.Debug|Any CPU.ActiveCfg = Debug|Any CPU
		{41B2BA64-4231-4FD0-AAAD-9911494FCDD8}.Debug|Any CPU.Build.0 = Debug|Any CPU
		{41B2BA64-4231-4FD0-AAAD-9911494FCDD8}.Release|Any CPU.ActiveCfg = Release|Any CPU
		{41B2BA64-4231-4FD0-AAAD-9911494FCDD8}.Release|Any CPU.Build.0 = Release|Any CPU
	EndGlobalSection
	GlobalSection(SolutionProperties) = preSolution
		HideSolutionNode = FALSE
	EndGlobalSection
	GlobalSection(ExtensibilityGlobals) = postSolution
		SolutionGuid = {5357FD14-11E0-4DCE-B540-BC85C5F0FEB2}
	EndGlobalSection
EndGlobal
