
Microsoft Visual Studio Solution File, Format Version 12.00
# Visual Studio Version 16
VisualStudioVersion = 16.0.31729.503
MinimumVisualStudioVersion = 10.0.40219.1
Project("{FAE04EC0-301F-11D3-BF4B-00C04F79EFBC}") = "Day2", "Day2\Day2.csproj", "{0CABEB00-C2C1-4898-93A6-40176D661EAA}"
EndProject
Global
	GlobalSection(SolutionConfigurationPlatforms) = preSolution
		Debug|Any CPU = Debug|Any CPU
		Release|Any CPU = Release|Any CPU
	EndGlobalSection
	GlobalSection(ProjectConfigurationPlatforms) = postSolution
		{0CABEB00-C2C1-4898-93A6-40176D661EAA}.Debug|Any CPU.ActiveCfg = Debug|Any CPU
		{0CABEB00-C2C1-4898-93A6-40176D661EAA}.Debug|Any CPU.Build.0 = Debug|Any CPU
		{0CABEB00-C2C1-4898-93A6-40176D661EAA}.Release|Any CPU.ActiveCfg = Release|Any CPU
		{0CABEB00-C2C1-4898-93A6-40176D661EAA}.Release|Any CPU.Build.0 = Release|Any CPU
	EndGlobalSection
	GlobalSection(SolutionProperties) = preSolution
		HideSolutionNode = FALSE
	EndGlobalSection
	GlobalSection(ExtensibilityGlobals) = postSolution
		SolutionGuid = {1DC1D694-D624-483B-9CBA-93E5F85D070C}
	EndGlobalSection
EndGlobal
