
Microsoft Visual Studio Solution File, Format Version 12.00
# Visual Studio Version 17
VisualStudioVersion = 17.0.32112.339
MinimumVisualStudioVersion = 10.0.40219.1
Project("{9A19103F-16F7-4668-BE54-9A1E7A4F7556}") = "DetailedView", "DetailedView\DetailedView.csproj", "{839F9C1E-D489-458C-9CC2-DE401D101E56}"
EndProject
Project("{FAE04EC0-301F-11D3-BF4B-00C04F79EFBC}") = "GriedView", "GriedView\GriedView.csproj", "{9F813911-E26C-423D-884F-7C9B7C7A51FC}"
EndProject
Global
	GlobalSection(SolutionConfigurationPlatforms) = preSolution
		Debug|Any CPU = Debug|Any CPU
		Release|Any CPU = Release|Any CPU
	EndGlobalSection
	GlobalSection(ProjectConfigurationPlatforms) = postSolution
		{839F9C1E-D489-458C-9CC2-DE401D101E56}.Debug|Any CPU.ActiveCfg = Debug|Any CPU
		{839F9C1E-D489-458C-9CC2-DE401D101E56}.Debug|Any CPU.Build.0 = Debug|Any CPU
		{839F9C1E-D489-458C-9CC2-DE401D101E56}.Release|Any CPU.ActiveCfg = Release|Any CPU
		{839F9C1E-D489-458C-9CC2-DE401D101E56}.Release|Any CPU.Build.0 = Release|Any CPU
		{9F813911-E26C-423D-884F-7C9B7C7A51FC}.Debug|Any CPU.ActiveCfg = Debug|Any CPU
		{9F813911-E26C-423D-884F-7C9B7C7A51FC}.Debug|Any CPU.Build.0 = Debug|Any CPU
		{9F813911-E26C-423D-884F-7C9B7C7A51FC}.Release|Any CPU.ActiveCfg = Release|Any CPU
		{9F813911-E26C-423D-884F-7C9B7C7A51FC}.Release|Any CPU.Build.0 = Release|Any CPU
	EndGlobalSection
	GlobalSection(SolutionProperties) = preSolution
		HideSolutionNode = FALSE
	EndGlobalSection
	GlobalSection(ExtensibilityGlobals) = postSolution
		SolutionGuid = {06996177-F24F-45C1-B34A-F8EBA6907DA5}
	EndGlobalSection
EndGlobal
