
Microsoft Visual Studio Solution File, Format Version 12.00
# Visual Studio Version 17
VisualStudioVersion = 17.0.32112.339
MinimumVisualStudioVersion = 10.0.40219.1
Project("{FAE04EC0-301F-11D3-BF4B-00C04F79EFBC}") = "D03", "D03\D03.csproj", "{28A8B330-AB04-4EA4-A4B2-A2CEC28DE802}"
EndProject
Project("{FAE04EC0-301F-11D3-BF4B-00C04F79EFBC}") = "D03 PI", "D03 PI\D03 PI.csproj", "{BC70803F-FCBB-4A76-B4E4-16F1C03D35A8}"
EndProject
Project("{FAE04EC0-301F-11D3-BF4B-00C04F79EFBC}") = "Common", "Common\Common.csproj", "{A81BDB8D-0778-4CDF-AE92-2C791DBCDF1F}"
EndProject
Global
	GlobalSection(SolutionConfigurationPlatforms) = preSolution
		Debug|Any CPU = Debug|Any CPU
		Release|Any CPU = Release|Any CPU
	EndGlobalSection
	GlobalSection(ProjectConfigurationPlatforms) = postSolution
		{28A8B330-AB04-4EA4-A4B2-A2CEC28DE802}.Debug|Any CPU.ActiveCfg = Debug|Any CPU
		{28A8B330-AB04-4EA4-A4B2-A2CEC28DE802}.Debug|Any CPU.Build.0 = Debug|Any CPU
		{28A8B330-AB04-4EA4-A4B2-A2CEC28DE802}.Release|Any CPU.ActiveCfg = Release|Any CPU
		{28A8B330-AB04-4EA4-A4B2-A2CEC28DE802}.Release|Any CPU.Build.0 = Release|Any CPU
		{BC70803F-FCBB-4A76-B4E4-16F1C03D35A8}.Debug|Any CPU.ActiveCfg = Debug|Any CPU
		{BC70803F-FCBB-4A76-B4E4-16F1C03D35A8}.Debug|Any CPU.Build.0 = Debug|Any CPU
		{BC70803F-FCBB-4A76-B4E4-16F1C03D35A8}.Release|Any CPU.ActiveCfg = Release|Any CPU
		{BC70803F-FCBB-4A76-B4E4-16F1C03D35A8}.Release|Any CPU.Build.0 = Release|Any CPU
		{A81BDB8D-0778-4CDF-AE92-2C791DBCDF1F}.Debug|Any CPU.ActiveCfg = Debug|Any CPU
		{A81BDB8D-0778-4CDF-AE92-2C791DBCDF1F}.Debug|Any CPU.Build.0 = Debug|Any CPU
		{A81BDB8D-0778-4CDF-AE92-2C791DBCDF1F}.Release|Any CPU.ActiveCfg = Release|Any CPU
		{A81BDB8D-0778-4CDF-AE92-2C791DBCDF1F}.Release|Any CPU.Build.0 = Release|Any CPU
	EndGlobalSection
	GlobalSection(SolutionProperties) = preSolution
		HideSolutionNode = FALSE
	EndGlobalSection
	GlobalSection(ExtensibilityGlobals) = postSolution
		SolutionGuid = {471765EC-25D5-48AF-84CE-3D52D4D900E3}
	EndGlobalSection
EndGlobal
