
Microsoft Visual Studio Solution File, Format Version 12.00
# Visual Studio Version 17
VisualStudioVersion = 17.0.32112.339
MinimumVisualStudioVersion = 10.0.40219.1
Project("{FAE04EC0-301F-11D3-BF4B-00C04F79EFBC}") = "Text", "Text\Text.csproj", "{2B96816D-F959-417D-BB3D-DF3C39AE5A84}"
EndProject
Project("{FAE04EC0-301F-11D3-BF4B-00C04F79EFBC}") = "Caluclator", "Caluclator\Caluclator.csproj", "{905FBD12-C9EE-48B4-B0FC-3B1EA648ACF4}"
EndProject
Global
	GlobalSection(SolutionConfigurationPlatforms) = preSolution
		Debug|Any CPU = Debug|Any CPU
		Release|Any CPU = Release|Any CPU
	EndGlobalSection
	GlobalSection(ProjectConfigurationPlatforms) = postSolution
		{2B96816D-F959-417D-BB3D-DF3C39AE5A84}.Debug|Any CPU.ActiveCfg = Debug|Any CPU
		{2B96816D-F959-417D-BB3D-DF3C39AE5A84}.Debug|Any CPU.Build.0 = Debug|Any CPU
		{2B96816D-F959-417D-BB3D-DF3C39AE5A84}.Release|Any CPU.ActiveCfg = Release|Any CPU
		{2B96816D-F959-417D-BB3D-DF3C39AE5A84}.Release|Any CPU.Build.0 = Release|Any CPU
		{905FBD12-C9EE-48B4-B0FC-3B1EA648ACF4}.Debug|Any CPU.ActiveCfg = Debug|Any CPU
		{905FBD12-C9EE-48B4-B0FC-3B1EA648ACF4}.Debug|Any CPU.Build.0 = Debug|Any CPU
		{905FBD12-C9EE-48B4-B0FC-3B1EA648ACF4}.Release|Any CPU.ActiveCfg = Release|Any CPU
		{905FBD12-C9EE-48B4-B0FC-3B1EA648ACF4}.Release|Any CPU.Build.0 = Release|Any CPU
	EndGlobalSection
	GlobalSection(SolutionProperties) = preSolution
		HideSolutionNode = FALSE
	EndGlobalSection
	GlobalSection(ExtensibilityGlobals) = postSolution
		SolutionGuid = {BACEAE87-2E71-42DC-8F25-7F77898F4AA5}
	EndGlobalSection
EndGlobal
