
Microsoft Visual Studio Solution File, Format Version 12.00
# Visual Studio Version 17
VisualStudioVersion = 17.1.32210.238
MinimumVisualStudioVersion = 10.0.40219.1
Project("{FAE04EC0-301F-11D3-BF4B-00C04F79EFBC}") = "Identity_MVC5_42", "Identity_MVC5_42\Identity_MVC5_42.csproj", "{7F2A27BD-139B-4A34-AE93-A8C8C424B32B}"
EndProject
Global
	GlobalSection(SolutionConfigurationPlatforms) = preSolution
		Debug|Any CPU = Debug|Any CPU
		Release|Any CPU = Release|Any CPU
	EndGlobalSection
	GlobalSection(ProjectConfigurationPlatforms) = postSolution
		{7F2A27BD-139B-4A34-AE93-A8C8C424B32B}.Debug|Any CPU.ActiveCfg = Debug|Any CPU
		{7F2A27BD-139B-4A34-AE93-A8C8C424B32B}.Debug|Any CPU.Build.0 = Debug|Any CPU
		{7F2A27BD-139B-4A34-AE93-A8C8C424B32B}.Release|Any CPU.ActiveCfg = Release|Any CPU
		{7F2A27BD-139B-4A34-AE93-A8C8C424B32B}.Release|Any CPU.Build.0 = Release|Any CPU
	EndGlobalSection
	GlobalSection(SolutionProperties) = preSolution
		HideSolutionNode = FALSE
	EndGlobalSection
	GlobalSection(ExtensibilityGlobals) = postSolution
		SolutionGuid = {D405FD36-BF6A-4DF9-8BC9-A187CD702004}
	EndGlobalSection
EndGlobal
