
Microsoft Visual Studio Solution File, Format Version 12.00
# Visual Studio Version 16
VisualStudioVersion = 16.0.30907.101
MinimumVisualStudioVersion = 10.0.40219.1
Project("{FAE04EC0-301F-11D3-BF4B-00C04F79EFBC}") = "ExistingDb_Mobile", "ExistingDb_Mobile\ExistingDb_Mobile.csproj", "{716AD13D-770C-4506-9F86-3AC404DB34C7}"
EndProject
Global
	GlobalSection(SolutionConfigurationPlatforms) = preSolution
		Debug|Any CPU = Debug|Any CPU
		Release|Any CPU = Release|Any CPU
	EndGlobalSection
	GlobalSection(ProjectConfigurationPlatforms) = postSolution
		{716AD13D-770C-4506-9F86-3AC404DB34C7}.Debug|Any CPU.ActiveCfg = Debug|Any CPU
		{716AD13D-770C-4506-9F86-3AC404DB34C7}.Debug|Any CPU.Build.0 = Debug|Any CPU
		{716AD13D-770C-4506-9F86-3AC404DB34C7}.Release|Any CPU.ActiveCfg = Release|Any CPU
		{716AD13D-770C-4506-9F86-3AC404DB34C7}.Release|Any CPU.Build.0 = Release|Any CPU
	EndGlobalSection
	GlobalSection(SolutionProperties) = preSolution
		HideSolutionNode = FALSE
	EndGlobalSection
	GlobalSection(ExtensibilityGlobals) = postSolution
		SolutionGuid = {F7DE9BB1-B6E3-42D1-AEE7-00EF8A47AE5C}
	EndGlobalSection
EndGlobal
