
Microsoft Visual Studio Solution File, Format Version 12.00
# Visual Studio Version 17
VisualStudioVersion = 17.1.32210.238
MinimumVisualStudioVersion = 10.0.40219.1
Project("{FAE04EC0-301F-11D3-BF4B-00C04F79EFBC}") = "RazorPages_Demo_42", "RazorPages_Demo_42\RazorPages_Demo_42.csproj", "{870C43E8-9451-46BD-ADED-A4D43FAED2CB}"
EndProject
Global
	GlobalSection(SolutionConfigurationPlatforms) = preSolution
		Debug|Any CPU = Debug|Any CPU
		Release|Any CPU = Release|Any CPU
	EndGlobalSection
	GlobalSection(ProjectConfigurationPlatforms) = postSolution
		{870C43E8-9451-46BD-ADED-A4D43FAED2CB}.Debug|Any CPU.ActiveCfg = Debug|Any CPU
		{870C43E8-9451-46BD-ADED-A4D43FAED2CB}.Debug|Any CPU.Build.0 = Debug|Any CPU
		{870C43E8-9451-46BD-ADED-A4D43FAED2CB}.Release|Any CPU.ActiveCfg = Release|Any CPU
		{870C43E8-9451-46BD-ADED-A4D43FAED2CB}.Release|Any CPU.Build.0 = Release|Any CPU
	EndGlobalSection
	GlobalSection(SolutionProperties) = preSolution
		HideSolutionNode = FALSE
	EndGlobalSection
	GlobalSection(ExtensibilityGlobals) = postSolution
		SolutionGuid = {CAB6CE9F-5CBF-4270-9943-0FDA8FAB881D}
	EndGlobalSection
EndGlobal
