
Microsoft Visual Studio Solution File, Format Version 12.00
# Visual Studio Version 17
VisualStudioVersion = 17.1.32407.343
MinimumVisualStudioVersion = 10.0.40219.1
Project("{FAE04EC0-301F-11D3-BF4B-00C04F79EFBC}") = "signalrD1", "signalrD1\signalrD1.csproj", "{7DD0B80A-5D58-4A6F-8BBC-D3D58B8252E2}"
EndProject
Global
	GlobalSection(SolutionConfigurationPlatforms) = preSolution
		Debug|Any CPU = Debug|Any CPU
		Release|Any CPU = Release|Any CPU
	EndGlobalSection
	GlobalSection(ProjectConfigurationPlatforms) = postSolution
		{7DD0B80A-5D58-4A6F-8BBC-D3D58B8252E2}.Debug|Any CPU.ActiveCfg = Debug|Any CPU
		{7DD0B80A-5D58-4A6F-8BBC-D3D58B8252E2}.Debug|Any CPU.Build.0 = Debug|Any CPU
		{7DD0B80A-5D58-4A6F-8BBC-D3D58B8252E2}.Release|Any CPU.ActiveCfg = Release|Any CPU
		{7DD0B80A-5D58-4A6F-8BBC-D3D58B8252E2}.Release|Any CPU.Build.0 = Release|Any CPU
	EndGlobalSection
	GlobalSection(SolutionProperties) = preSolution
		HideSolutionNode = FALSE
	EndGlobalSection
	GlobalSection(ExtensibilityGlobals) = postSolution
		SolutionGuid = {2166A663-7A69-45B5-A076-4099C73F8FE8}
	EndGlobalSection
EndGlobal
