
Microsoft Visual Studio Solution File, Format Version 12.00
# Visual Studio Version 17
VisualStudioVersion = 17.1.32210.238
MinimumVisualStudioVersion = 10.0.40219.1
Project("{FAE04EC0-301F-11D3-BF4B-00C04F79EFBC}") = "FirstMVC_WebApp_42", "FirstMVC_WebApp_42\FirstMVC_WebApp_42.csproj", "{973C3BA7-7739-4EA0-AF85-710C5766E20C}"
EndProject
Global
	GlobalSection(SolutionConfigurationPlatforms) = preSolution
		Debug|Any CPU = Debug|Any CPU
		Release|Any CPU = Release|Any CPU
	EndGlobalSection
	GlobalSection(ProjectConfigurationPlatforms) = postSolution
		{973C3BA7-7739-4EA0-AF85-710C5766E20C}.Debug|Any CPU.ActiveCfg = Debug|Any CPU
		{973C3BA7-7739-4EA0-AF85-710C5766E20C}.Debug|Any CPU.Build.0 = Debug|Any CPU
		{973C3BA7-7739-4EA0-AF85-710C5766E20C}.Release|Any CPU.ActiveCfg = Release|Any CPU
		{973C3BA7-7739-4EA0-AF85-710C5766E20C}.Release|Any CPU.Build.0 = Release|Any CPU
	EndGlobalSection
	GlobalSection(SolutionProperties) = preSolution
		HideSolutionNode = FALSE
	EndGlobalSection
	GlobalSection(ExtensibilityGlobals) = postSolution
		SolutionGuid = {DF143987-30A4-4112-AC8D-76ED4F52ED93}
	EndGlobalSection
EndGlobal
