
Microsoft Visual Studio Solution File, Format Version 12.00
# Visual Studio Version 17
VisualStudioVersion = 17.0.32112.339
MinimumVisualStudioVersion = 10.0.40219.1
Project("{FAE04EC0-301F-11D3-BF4B-00C04F79EFBC}") = "CarsCore", "CarsCore\CarsCore.csproj", "{A3CF7673-4EB4-4741-8DE6-34C267E07EB8}"
EndProject
Global
	GlobalSection(SolutionConfigurationPlatforms) = preSolution
		Debug|Any CPU = Debug|Any CPU
		Release|Any CPU = Release|Any CPU
	EndGlobalSection
	GlobalSection(ProjectConfigurationPlatforms) = postSolution
		{A3CF7673-4EB4-4741-8DE6-34C267E07EB8}.Debug|Any CPU.ActiveCfg = Debug|Any CPU
		{A3CF7673-4EB4-4741-8DE6-34C267E07EB8}.Debug|Any CPU.Build.0 = Debug|Any CPU
		{A3CF7673-4EB4-4741-8DE6-34C267E07EB8}.Release|Any CPU.ActiveCfg = Release|Any CPU
		{A3CF7673-4EB4-4741-8DE6-34C267E07EB8}.Release|Any CPU.Build.0 = Release|Any CPU
	EndGlobalSection
	GlobalSection(SolutionProperties) = preSolution
		HideSolutionNode = FALSE
	EndGlobalSection
	GlobalSection(ExtensibilityGlobals) = postSolution
		SolutionGuid = {41F2F73D-C56C-4023-A522-7B799C2783E3}
	EndGlobalSection
EndGlobal
